
Microsoft Visual Studio Solution File, Format Version 12.00
# Visual Studio Version 17
VisualStudioVersion = 17.6.33723.286
MinimumVisualStudioVersion = 10.0.40219.1
Project("{2150E333-8FDC-42A3-9474-1A3956D46DE8}") = "src", "src", "{7C144243-160E-4676-8272-E8157A23C4DC}"
EndProject
Project("{2150E333-8FDC-42A3-9474-1A3956D46DE8}") = "backend", "backend", "{823E65FF-C6F1-4034-98FC-D7280DD906E6}"
EndProject
Project("{2150E333-8FDC-42A3-9474-1A3956D46DE8}") = "ProjectOne", "ProjectOne", "{F04B6863-DF80-4A27-9D8C-D86B99E382FE}"
EndProject
Project("{2150E333-8FDC-42A3-9474-1A3956D46DE8}") = "ProjectTwo", "ProjectTwo", "{96D61501-E5F8-4834-BCF3-8363CE89895F}"
EndProject
Project("{2150E333-8FDC-42A3-9474-1A3956D46DE8}") = "ProjectThree", "ProjectThree", "{0685F1FC-0419-4551-A8D0-9431583F3624}"
EndProject
Project("{FAE04EC0-301F-11D3-BF4B-00C04F79EFBC}") = "ProjectOne", "ProjectOne\ProjectOne.csproj", "{20F340A4-1D54-4BE3-B69D-2C63CEEE811E}"
EndProject
Project("{FAE04EC0-301F-11D3-BF4B-00C04F79EFBC}") = "ProjectThree", "ProjectThree\ProjectThree.csproj", "{CDFBB82E-8585-48DB-BBD2-33F5CB393CFB}"
EndProject
Project("{FAE04EC0-301F-11D3-BF4B-00C04F79EFBC}") = "ApiGateway", "ApiGateway\ApiGateway.csproj", "{3271F18D-43F6-4985-BFEF-FC6DE36DA104}"
EndProject
Global
	GlobalSection(SolutionConfigurationPlatforms) = preSolution
		Debug|Any CPU = Debug|Any CPU
		Release|Any CPU = Release|Any CPU
	EndGlobalSection
	GlobalSection(ProjectConfigurationPlatforms) = postSolution
		{20F340A4-1D54-4BE3-B69D-2C63CEEE811E}.Debug|Any CPU.ActiveCfg = Debug|Any CPU
		{20F340A4-1D54-4BE3-B69D-2C63CEEE811E}.Debug|Any CPU.Build.0 = Debug|Any CPU
		{20F340A4-1D54-4BE3-B69D-2C63CEEE811E}.Release|Any CPU.ActiveCfg = Release|Any CPU
		{20F340A4-1D54-4BE3-B69D-2C63CEEE811E}.Release|Any CPU.Build.0 = Release|Any CPU
		{CDFBB82E-8585-48DB-BBD2-33F5CB393CFB}.Debug|Any CPU.ActiveCfg = Debug|Any CPU
		{CDFBB82E-8585-48DB-BBD2-33F5CB393CFB}.Debug|Any CPU.Build.0 = Debug|Any CPU
		{CDFBB82E-8585-48DB-BBD2-33F5CB393CFB}.Release|Any CPU.ActiveCfg = Release|Any CPU
		{CDFBB82E-8585-48DB-BBD2-33F5CB393CFB}.Release|Any CPU.Build.0 = Release|Any CPU
		{3271F18D-43F6-4985-BFEF-FC6DE36DA104}.Debug|Any CPU.ActiveCfg = Debug|Any CPU
		{3271F18D-43F6-4985-BFEF-FC6DE36DA104}.Debug|Any CPU.Build.0 = Debug|Any CPU
		{3271F18D-43F6-4985-BFEF-FC6DE36DA104}.Release|Any CPU.ActiveCfg = Release|Any CPU
		{3271F18D-43F6-4985-BFEF-FC6DE36DA104}.Release|Any CPU.Build.0 = Release|Any CPU
	EndGlobalSection
	GlobalSection(SolutionProperties) = preSolution
		HideSolutionNode = FALSE
	EndGlobalSection
	GlobalSection(NestedProjects) = preSolution
		{823E65FF-C6F1-4034-98FC-D7280DD906E6} = {7C144243-160E-4676-8272-E8157A23C4DC}
		{F04B6863-DF80-4A27-9D8C-D86B99E382FE} = {823E65FF-C6F1-4034-98FC-D7280DD906E6}
		{96D61501-E5F8-4834-BCF3-8363CE89895F} = {823E65FF-C6F1-4034-98FC-D7280DD906E6}
		{0685F1FC-0419-4551-A8D0-9431583F3624} = {823E65FF-C6F1-4034-98FC-D7280DD906E6}
		{20F340A4-1D54-4BE3-B69D-2C63CEEE811E} = {F04B6863-DF80-4A27-9D8C-D86B99E382FE}
		{CDFBB82E-8585-48DB-BBD2-33F5CB393CFB} = {0685F1FC-0419-4551-A8D0-9431583F3624}
		{3271F18D-43F6-4985-BFEF-FC6DE36DA104} = {823E65FF-C6F1-4034-98FC-D7280DD906E6}
	EndGlobalSection
	GlobalSection(ExtensibilityGlobals) = postSolution
		SolutionGuid = {37A0EC8B-F64A-4FA2-9134-E3E96832442B}
	EndGlobalSection
EndGlobal
